
Microsoft Visual Studio Solution File, Format Version 12.00
# Visual Studio Version 16
VisualStudioVersion = 16.0.31911.196
MinimumVisualStudioVersion = 10.0.40219.1
Project("{FAE04EC0-301F-11D3-BF4B-00C04F79EFBC}") = "calculatorProject", "calculatorProject\calculatorProject.csproj", "{6795B2DA-0CE7-41B8-B3C0-CE11C9525379}"
EndProject
Global
	GlobalSection(SolutionConfigurationPlatforms) = preSolution
		Debug|Any CPU = Debug|Any CPU
		Release|Any CPU = Release|Any CPU
	EndGlobalSection
	GlobalSection(ProjectConfigurationPlatforms) = postSolution
		{6795B2DA-0CE7-41B8-B3C0-CE11C9525379}.Debug|Any CPU.ActiveCfg = Debug|Any CPU
		{6795B2DA-0CE7-41B8-B3C0-CE11C9525379}.Debug|Any CPU.Build.0 = Debug|Any CPU
		{6795B2DA-0CE7-41B8-B3C0-CE11C9525379}.Release|Any CPU.ActiveCfg = Release|Any CPU
		{6795B2DA-0CE7-41B8-B3C0-CE11C9525379}.Release|Any CPU.Build.0 = Release|Any CPU
	EndGlobalSection
	GlobalSection(SolutionProperties) = preSolution
		HideSolutionNode = FALSE
	EndGlobalSection
	GlobalSection(ExtensibilityGlobals) = postSolution
		SolutionGuid = {7F2732F6-C2D1-461C-BCC9-3B60C45ADDBA}
	EndGlobalSection
EndGlobal
